# THIS IS AN AUTOGENERATED FILE. DO NOT EDIT THIS FILE DIRECTLY.
# yarn lockfile v1


"@types/node@^9.4.7":
  version "9.6.1"
  resolved "https://registry.yarnpkg.com/@types/node/-/node-9.6.1.tgz#e2d374ef15b315b48e7efc308fa1a7cd51faa06c"

debug@^3.0.0:
  version "3.1.0"
  resolved "https://registry.yarnpkg.com/debug/-/debug-3.1.0.tgz#5bb5a0672628b64149566ba16819e61518c67261"
  dependencies:
    ms "2.0.0"

ms@2.0.0:
  version "2.0.0"
  resolved "https://registry.yarnpkg.com/ms/-/ms-2.0.0.tgz#5608aeadfc00be6c2901df5f9861788de0d597c8"

node-fetch@^2.0.0:
  version "2.1.2"
  resolved "https://registry.yarnpkg.com/node-fetch/-/node-fetch-2.1.2.tgz#ab884e8e7e57e38a944753cec706f788d1768bb5"

sandwich-stream@^1.0.0:
  version "1.0.0"
  resolved "https://registry.yarnpkg.com/sandwich-stream/-/sandwich-stream-1.0.0.tgz#7830e45797b5933287f1f9b28f871907456262f2"

telegraf@^3.19.0:
  version "3.20.0"
  resolved "https://registry.yarnpkg.com/telegraf/-/telegraf-3.20.0.tgz#b45f35209e505e6dd1cbeff94c5d85f02db52f5d"
  dependencies:
    debug "^3.0.0"
    node-fetch "^2.0.0"
    sandwich-stream "^1.0.0"

typescript@^2.7.2:
  version "2.8.1"
  resolved "https://registry.yarnpkg.com/typescript/-/typescript-2.8.1.tgz#6160e4f8f195d5ba81d4876f9c0cc1fbc0820624"
