# THIS IS AN AUTOGENERATED FILE. DO NOT EDIT THIS FILE DIRECTLY.
# yarn lockfile v1


"@types/node@^9.4.7":
  version "9.4.7"
  resolved "https://registry.yarnpkg.com/@types/node/-/node-9.4.7.tgz#57d81cd98719df2c9de118f2d5f3b1120dcd7275"

debug@^3.0.0:
  version "3.1.0"
  resolved "https://registry.yarnpkg.com/debug/-/debug-3.1.0.tgz#5bb5a0672628b64149566ba16819e61518c67261"
  dependencies:
    ms "2.0.0"

ms@2.0.0:
  version "2.0.0"
  resolved "https://registry.yarnpkg.com/ms/-/ms-2.0.0.tgz#5608aeadfc00be6c2901df5f9861788de0d597c8"

node-fetch@^2.0.0:
  version "2.1.1"
  resolved "https://registry.yarnpkg.com/node-fetch/-/node-fetch-2.1.1.tgz#369ca70b82f50c86496104a6c776d274f4e4a2d4"

sandwich-stream@^1.0.0:
  version "1.0.0"
  resolved "https://registry.yarnpkg.com/sandwich-stream/-/sandwich-stream-1.0.0.tgz#7830e45797b5933287f1f9b28f871907456262f2"

telegraf@^3.19.0:
  version "3.19.0"
  resolved "https://registry.yarnpkg.com/telegraf/-/telegraf-3.19.0.tgz#10b2f382d781bee0f9697c01b14be41dd2b56784"
  dependencies:
    debug "^3.0.0"
    node-fetch "^2.0.0"
    sandwich-stream "^1.0.0"

typescript@^2.7.2:
  version "2.7.2"
  resolved "https://registry.yarnpkg.com/typescript/-/typescript-2.7.2.tgz#2d615a1ef4aee4f574425cdff7026edf81919836"
